// !$*UTF8*$!
{
	archiveVersion = 1;
	classes = {
	};
	objectVersion = 46;
	objects = {

/* Begin PBXBuildFile section */
		1D3623260D0F684500981E51 /* AppDelegate.m in Sources */ = {isa = PBXBuildFile; fileRef = 1D3623250D0F684500981E51 /* AppDelegate.m */; };
		1D60589B0D05DD56006BFB54 /* main.m in Sources */ = {isa = PBXBuildFile; fileRef = 29B97316FDCFA39411CA2CEA /* main.m */; };
		1D60589F0D05DD5A006BFB54 /* Foundation.framework in Frameworks */ = {isa = PBXBuildFile; fileRef = 1D30AB110D05D00D00671497 /* Foundation.framework */; };
		1DF5F4E00D08C38300B7A737 /* UIKit.framework in Frameworks */ = {isa = PBXBuildFile; fileRef = 1DF5F4DF0D08C38300B7A737 /* UIKit.framework */; settings = {ATTRIBUTES = (Weak, ); }; };
		1F766FE113BBADB100FB74C0 /* Localizable.strings in Resources */ = {isa = PBXBuildFile; fileRef = 1F766FDC13BBADB100FB74C0 /* Localizable.strings */; };
		1F766FE213BBADB100FB74C0 /* Localizable.strings in Resources */ = {isa = PBXBuildFile; fileRef = 1F766FDF13BBADB100FB74C0 /* Localizable.strings */; };
		288765FD0DF74451002DB57D /* CoreGraphics.framework in Frameworks */ = {isa = PBXBuildFile; fileRef = 288765FC0DF74451002DB57D /* CoreGraphics.framework */; };
		301BF552109A68D80062928A /* libCordova.a in Frameworks */ = {isa = PBXBuildFile; fileRef = 301BF535109A57CC0062928A /* libCordova.a */; };
		301BF5B5109A6A2B0062928A /* AddressBook.framework in Frameworks */ = {isa = PBXBuildFile; fileRef = 301BF5B4109A6A2B0062928A /* AddressBook.framework */; };
		301BF5B7109A6A2B0062928A /* AddressBookUI.framework in Frameworks */ = {isa = PBXBuildFile; fileRef = 301BF5B6109A6A2B0062928A /* AddressBookUI.framework */; };
		301BF5B9109A6A2B0062928A /* AudioToolbox.framework in Frameworks */ = {isa = PBXBuildFile; fileRef = 301BF5B8109A6A2B0062928A /* AudioToolbox.framework */; };
		301BF5BB109A6A2B0062928A /* AVFoundation.framework in Frameworks */ = {isa = PBXBuildFile; fileRef = 301BF5BA109A6A2B0062928A /* AVFoundation.framework */; settings = {ATTRIBUTES = (Weak, ); }; };
		301BF5BD109A6A2B0062928A /* CFNetwork.framework in Frameworks */ = {isa = PBXBuildFile; fileRef = 301BF5BC109A6A2B0062928A /* CFNetwork.framework */; };
		301BF5BF109A6A2B0062928A /* CoreLocation.framework in Frameworks */ = {isa = PBXBuildFile; fileRef = 301BF5BE109A6A2B0062928A /* CoreLocation.framework */; };
		301BF5C1109A6A2B0062928A /* MediaPlayer.framework in Frameworks */ = {isa = PBXBuildFile; fileRef = 301BF5C0109A6A2B0062928A /* MediaPlayer.framework */; };
		301BF5C3109A6A2B0062928A /* QuartzCore.framework in Frameworks */ = {isa = PBXBuildFile; fileRef = 301BF5C2109A6A2B0062928A /* QuartzCore.framework */; };
		301BF5C5109A6A2B0062928A /* SystemConfiguration.framework in Frameworks */ = {isa = PBXBuildFile; fileRef = 301BF5C4109A6A2B0062928A /* SystemConfiguration.framework */; };
		302D95F114D2391D003F00A1 /* MainViewController.m in Sources */ = {isa = PBXBuildFile; fileRef = 302D95EF14D2391D003F00A1 /* MainViewController.m */; };
		302D95F214D2391D003F00A1 /* MainViewController.xib in Resources */ = {isa = PBXBuildFile; fileRef = 302D95F014D2391D003F00A1 /* MainViewController.xib */; };
		305D5FD1115AB8F900A74A75 /* MobileCoreServices.framework in Frameworks */ = {isa = PBXBuildFile; fileRef = 305D5FD0115AB8F900A74A75 /* MobileCoreServices.framework */; };
		3072F99713A8081B00425683 /* Capture.bundle in Resources */ = {isa = PBXBuildFile; fileRef = 3072F99613A8081B00425683 /* Capture.bundle */; };
		3088BBBD154F3926009F9C59 /* Default-Landscape@2x~ipad.png in Resources */ = {isa = PBXBuildFile; fileRef = 3088BBB7154F3926009F9C59 /* Default-Landscape@2x~ipad.png */; };
		3088BBBE154F3926009F9C59 /* Default-Landscape~ipad.png in Resources */ = {isa = PBXBuildFile; fileRef = 3088BBB8154F3926009F9C59 /* Default-Landscape~ipad.png */; };
		3088BBBF154F3926009F9C59 /* Default-Portrait@2x~ipad.png in Resources */ = {isa = PBXBuildFile; fileRef = 3088BBB9154F3926009F9C59 /* Default-Portrait@2x~ipad.png */; };
		3088BBC0154F3926009F9C59 /* Default-Portrait~ipad.png in Resources */ = {isa = PBXBuildFile; fileRef = 3088BBBA154F3926009F9C59 /* Default-Portrait~ipad.png */; };
		3088BBC1154F3926009F9C59 /* Default@2x~iphone.png in Resources */ = {isa = PBXBuildFile; fileRef = 3088BBBB154F3926009F9C59 /* Default@2x~iphone.png */; };
		3088BBC2154F3926009F9C59 /* Default~iphone.png in Resources */ = {isa = PBXBuildFile; fileRef = 3088BBBC154F3926009F9C59 /* Default~iphone.png */; };
		308D05371370CCF300D202BF /* icon-72.png in Resources */ = {isa = PBXBuildFile; fileRef = 308D052E1370CCF300D202BF /* icon-72.png */; };
		308D05381370CCF300D202BF /* icon.png in Resources */ = {isa = PBXBuildFile; fileRef = 308D052F1370CCF300D202BF /* icon.png */; };
		308D05391370CCF300D202BF /* icon@2x.png in Resources */ = {isa = PBXBuildFile; fileRef = 308D05301370CCF300D202BF /* icon@2x.png */; };
		30A0434814DC770100060A13 /* Localizable.strings in Resources */ = {isa = PBXBuildFile; fileRef = 30A0434314DC770100060A13 /* Localizable.strings */; };
		30A0434914DC770100060A13 /* Localizable.strings in Resources */ = {isa = PBXBuildFile; fileRef = 30A0434614DC770100060A13 /* Localizable.strings */; };
		30E5649213A7FCAF007403D8 /* CoreMedia.framework in Frameworks */ = {isa = PBXBuildFile; fileRef = 30E5649113A7FCAF007403D8 /* CoreMedia.framework */; settings = {ATTRIBUTES = (Weak, ); }; };
		30FC414916E50CA1004E6F35 /* icon-72@2x.png in Resources */ = {isa = PBXBuildFile; fileRef = 30FC414816E50CA1004E6F35 /* icon-72@2x.png */; };
		5B1594DD16A7569C00FEF299 /* AssetsLibrary.framework in Frameworks */ = {isa = PBXBuildFile; fileRef = 5B1594DC16A7569C00FEF299 /* AssetsLibrary.framework */; };
		5C74DF7F173C65D5007053AE /* Logo.png in Resources */ = {isa = PBXBuildFile; fileRef = 5C74DF7E173C65D5007053AE /* Logo.png */; };
		5C74DF87173C9CA0007053AE /* Accounts.framework in Frameworks */ = {isa = PBXBuildFile; fileRef = 5C74DF84173C9CA0007053AE /* Accounts.framework */; };
		5C74DF88173C9CA0007053AE /* AdSupport.framework in Frameworks */ = {isa = PBXBuildFile; fileRef = 5C74DF85173C9CA0007053AE /* AdSupport.framework */; };
		5C74DF89173C9CA0007053AE /* libz.1.1.3.dylib in Frameworks */ = {isa = PBXBuildFile; fileRef = 5C74DF86173C9CA0007053AE /* libz.1.1.3.dylib */; };
		5C74DF8A173C9CF8007053AE /* Parse.framework in Frameworks */ = {isa = PBXBuildFile; fileRef = 5C74DF82173C9AC1007053AE /* Parse.framework */; };
		5C74DF8C173C9D4F007053AE /* FacebookSDK.framework in Frameworks */ = {isa = PBXBuildFile; fileRef = 5C74DF8B173C9D4F007053AE /* FacebookSDK.framework */; };
		5C74DF8E173C9D55007053AE /* FacebookSDKResources.bundle in Resources */ = {isa = PBXBuildFile; fileRef = 5C74DF8D173C9D55007053AE /* FacebookSDKResources.bundle */; };
		5C74DF90173C9D73007053AE /* libsqlite3.0.dylib in Frameworks */ = {isa = PBXBuildFile; fileRef = 5C74DF8F173C9D73007053AE /* libsqlite3.0.dylib */; };
		5C74DF92173C9DD5007053AE /* Social.framework in Frameworks */ = {isa = PBXBuildFile; fileRef = 5C74DF91173C9DD5007053AE /* Social.framework */; };
		5C74DF94173C9E16007053AE /* StoreKit.framework in Frameworks */ = {isa = PBXBuildFile; fileRef = 5C74DF93173C9E16007053AE /* StoreKit.framework */; };
		5C74DF96173C9EC5007053AE /* Security.framework in Frameworks */ = {isa = PBXBuildFile; fileRef = 5C74DF95173C9EC5007053AE /* Security.framework */; };
		5C74DFC1173CA0BF007053AE /* libOBD2Kit.a in Frameworks */ = {isa = PBXBuildFile; fileRef = 5C74DFC0173CA0A5007053AE /* libOBD2Kit.a */; };
		5C74DFE9173CA28D007053AE /* FLWifiScanTool.h in Resources */ = {isa = PBXBuildFile; fileRef = 5C74DFC2173CA28D007053AE /* FLWifiScanTool.h */; };
		5C74DFEB173CA28D007053AE /* FLEAController.h in Resources */ = {isa = PBXBuildFile; fileRef = 5C74DFC5173CA28D007053AE /* FLEAController.h */; };
		5C74DFED173CA28D007053AE /* FLEAScanTool.h in Resources */ = {isa = PBXBuildFile; fileRef = 5C74DFC7173CA28D007053AE /* FLEAScanTool.h */; };
		5C74DFEF173CA28D007053AE /* FLSimScanTool.h in Resources */ = {isa = PBXBuildFile; fileRef = 5C74DFCA173CA28D007053AE /* FLSimScanTool.h */; };
		5C74DFF1173CA28D007053AE /* ELM327.h in Resources */ = {isa = PBXBuildFile; fileRef = 5C74DFCD173CA28D007053AE /* ELM327.h */; };
		5C74DFF3173CA28D007053AE /* ELM327Command.h in Resources */ = {isa = PBXBuildFile; fileRef = 5C74DFCF173CA28D007053AE /* ELM327Command.h */; };
		5C74DFF5173CA28D007053AE /* ELM327ResponseParser.h in Resources */ = {isa = PBXBuildFile; fileRef = 5C74DFD1173CA28D007053AE /* ELM327ResponseParser.h */; };
		5C74DFF7173CA28D007053AE /* GoLink.h in Resources */ = {isa = PBXBuildFile; fileRef = 5C74DFD4173CA28D007053AE /* GoLink.h */; };
		5C74DFF9173CA28D007053AE /* GoLinkCommand.h in Resources */ = {isa = PBXBuildFile; fileRef = 5C74DFD6173CA28D007053AE /* GoLinkCommand.h */; };
		5C74DFFB173CA28D007053AE /* GoLinkResponseParser.h in Resources */ = {isa = PBXBuildFile; fileRef = 5C74DFD8173CA28D007053AE /* GoLinkResponseParser.h */; };
		5C74DFFD173CA28D007053AE /* FLScanToolController.h in Resources */ = {isa = PBXBuildFile; fileRef = 5C74DFDC173CA28D007053AE /* FLScanToolController.h */; };
		5C74DFFF173CA28D007053AE /* FLScanTool.h in Resources */ = {isa = PBXBuildFile; fileRef = 5C74DFDE173CA28D007053AE /* FLScanTool.h */; };
		5C74E001173CA28D007053AE /* FLScanToolCommand.h in Resources */ = {isa = PBXBuildFile; fileRef = 5C74DFE0173CA28D007053AE /* FLScanToolCommand.h */; };
		5C74E003173CA28D007053AE /* FLScanToolResponse.h in Resources */ = {isa = PBXBuildFile; fileRef = 5C74DFE2173CA28D007053AE /* FLScanToolResponse.h */; };
		5C74E005173CA28D007053AE /* FLScanToolResponseParser.h in Resources */ = {isa = PBXBuildFile; fileRef = 5C74DFE4173CA28D007053AE /* FLScanToolResponseParser.h */; };
		5C74E007173CA28D007053AE /* FLECUSensor.h in Resources */ = {isa = PBXBuildFile; fileRef = 5C74DFE6173CA28D007053AE /* FLECUSensor.h */; };
		5C74E00F173CA2AC007053AE /* Base64Extensions.h in Resources */ = {isa = PBXBuildFile; fileRef = 5C74E009173CA2AB007053AE /* Base64Extensions.h */; };
		5C74E011173CA2AC007053AE /* FLLogging.h in Resources */ = {isa = PBXBuildFile; fileRef = 5C74E00B173CA2AB007053AE /* FLLogging.h */; };
		5C74E012173CA2AC007053AE /* NSStreamAdditions.h in Resources */ = {isa = PBXBuildFile; fileRef = 5C74E00C173CA2AB007053AE /* NSStreamAdditions.h */; };
		5C74E018173CA574007053AE /* MyLogInViewController.m in Sources */ = {isa = PBXBuildFile; fileRef = 5C74E015173CA573007053AE /* MyLogInViewController.m */; };
		5C74E019173CA574007053AE /* MySignUpViewController.m in Sources */ = {isa = PBXBuildFile; fileRef = 5C74E017173CA573007053AE /* MySignUpViewController.m */; };
		7235F313172F821600CBCC17 /* ExternalAccessory.framework in Frameworks */ = {isa = PBXBuildFile; fileRef = 7235F312172F821600CBCC17 /* ExternalAccessory.framework */; };
		7235F31F172F831A00CBCC17 /* DreiCarCenter.m in Sources */ = {isa = PBXBuildFile; fileRef = 7235F318172F831A00CBCC17 /* DreiCarCenter.m */; };
		7235F320172F831A00CBCC17 /* DreiConnect.m in Sources */ = {isa = PBXBuildFile; fileRef = 7235F31A172F831A00CBCC17 /* DreiConnect.m */; };
		7235F321172F831A00CBCC17 /* DreiSynchDataProvider_OBD2.m in Sources */ = {isa = PBXBuildFile; fileRef = 7235F31C172F831A00CBCC17 /* DreiSynchDataProvider_OBD2.m */; };
		7235F322172F831A00CBCC17 /* DreiSynchDataProvider.m in Sources */ = {isa = PBXBuildFile; fileRef = 7235F31E172F831A00CBCC17 /* DreiSynchDataProvider.m */; };
		D4A0D8761607E02300AEF8BB /* Default-568h@2x~iphone.png in Resources */ = {isa = PBXBuildFile; fileRef = D4A0D8751607E02300AEF8BB /* Default-568h@2x~iphone.png */; };
		F840E1F1165FE0F500CFE078 /* config.xml in Resources */ = {isa = PBXBuildFile; fileRef = F840E1F0165FE0F500CFE078 /* config.xml */; };
/* End PBXBuildFile section */

/* Begin PBXContainerItemProxy section */
		301BF534109A57CC0062928A /* PBXContainerItemProxy */ = {
			isa = PBXContainerItemProxy;
			containerPortal = 301BF52D109A57CC0062928A /* CordovaLib.xcodeproj */;
			proxyType = 2;
			remoteGlobalIDString = D2AAC07E0554694100DB518D;
			remoteInfo = CordovaLib;
		};
		301BF550109A68C00062928A /* PBXContainerItemProxy */ = {
			isa = PBXContainerItemProxy;
			containerPortal = 301BF52D109A57CC0062928A /* CordovaLib.xcodeproj */;
			proxyType = 1;
			remoteGlobalIDString = D2AAC07D0554694100DB518D;
			remoteInfo = CordovaLib;
		};
		5C74DFBF173CA0A5007053AE /* PBXContainerItemProxy */ = {
			isa = PBXContainerItemProxy;
			containerPortal = 5C74DFBB173CA0A4007053AE /* OBD2Kit.xcodeproj */;
			proxyType = 2;
			remoteGlobalIDString = D2AAC07E0554694100DB518D;
			remoteInfo = OBD2Kit;
		};
/* End PBXContainerItemProxy section */

/* Begin PBXFileReference section */
		1D30AB110D05D00D00671497 /* Foundation.framework */ = {isa = PBXFileReference; lastKnownFileType = wrapper.framework; name = Foundation.framework; path = System/Library/Frameworks/Foundation.framework; sourceTree = SDKROOT; };
		1D3623240D0F684500981E51 /* AppDelegate.h */ = {isa = PBXFileReference; fileEncoding = 4; lastKnownFileType = sourcecode.c.h; path = AppDelegate.h; sourceTree = "<group>"; };
		1D3623250D0F684500981E51 /* AppDelegate.m */ = {isa = PBXFileReference; fileEncoding = 4; lastKnownFileType = sourcecode.c.objc; path = AppDelegate.m; sourceTree = "<group>"; };
		1D6058910D05DD3D006BFB54 /* DreiOBD2.app */ = {isa = PBXFileReference; explicitFileType = wrapper.application; includeInIndex = 0; path = DreiOBD2.app; sourceTree = BUILT_PRODUCTS_DIR; };
		1DF5F4DF0D08C38300B7A737 /* UIKit.framework */ = {isa = PBXFileReference; lastKnownFileType = wrapper.framework; name = UIKit.framework; path = System/Library/Frameworks/UIKit.framework; sourceTree = SDKROOT; };
		1F766FDD13BBADB100FB74C0 /* en */ = {isa = PBXFileReference; lastKnownFileType = text.plist.strings; name = en; path = Localizable.strings; sourceTree = "<group>"; };
		1F766FE013BBADB100FB74C0 /* es */ = {isa = PBXFileReference; lastKnownFileType = text.plist.strings; name = es; path = Localizable.strings; sourceTree = "<group>"; };
		288765FC0DF74451002DB57D /* CoreGraphics.framework */ = {isa = PBXFileReference; lastKnownFileType = wrapper.framework; name = CoreGraphics.framework; path = System/Library/Frameworks/CoreGraphics.framework; sourceTree = SDKROOT; };
		29B97316FDCFA39411CA2CEA /* main.m */ = {isa = PBXFileReference; fileEncoding = 4; lastKnownFileType = sourcecode.c.objc; path = main.m; sourceTree = "<group>"; };
		301BF52D109A57CC0062928A /* CordovaLib.xcodeproj */ = {isa = PBXFileReference; lastKnownFileType = "wrapper.pb-project"; name = CordovaLib.xcodeproj; path = CordovaLib/CordovaLib.xcodeproj; sourceTree = "<group>"; };
		301BF56E109A69640062928A /* www */ = {isa = PBXFileReference; lastKnownFileType = folder; path = www; sourceTree = SOURCE_ROOT; };
		301BF5B4109A6A2B0062928A /* AddressBook.framework */ = {isa = PBXFileReference; lastKnownFileType = wrapper.framework; name = AddressBook.framework; path = System/Library/Frameworks/AddressBook.framework; sourceTree = SDKROOT; };
		301BF5B6109A6A2B0062928A /* AddressBookUI.framework */ = {isa = PBXFileReference; lastKnownFileType = wrapper.framework; name = AddressBookUI.framework; path = System/Library/Frameworks/AddressBookUI.framework; sourceTree = SDKROOT; };
		301BF5B8109A6A2B0062928A /* AudioToolbox.framework */ = {isa = PBXFileReference; lastKnownFileType = wrapper.framework; name = AudioToolbox.framework; path = System/Library/Frameworks/AudioToolbox.framework; sourceTree = SDKROOT; };
		301BF5BA109A6A2B0062928A /* AVFoundation.framework */ = {isa = PBXFileReference; lastKnownFileType = wrapper.framework; name = AVFoundation.framework; path = System/Library/Frameworks/AVFoundation.framework; sourceTree = SDKROOT; };
		301BF5BC109A6A2B0062928A /* CFNetwork.framework */ = {isa = PBXFileReference; lastKnownFileType = wrapper.framework; name = CFNetwork.framework; path = System/Library/Frameworks/CFNetwork.framework; sourceTree = SDKROOT; };
		301BF5BE109A6A2B0062928A /* CoreLocation.framework */ = {isa = PBXFileReference; lastKnownFileType = wrapper.framework; name = CoreLocation.framework; path = System/Library/Frameworks/CoreLocation.framework; sourceTree = SDKROOT; };
		301BF5C0109A6A2B0062928A /* MediaPlayer.framework */ = {isa = PBXFileReference; lastKnownFileType = wrapper.framework; name = MediaPlayer.framework; path = System/Library/Frameworks/MediaPlayer.framework; sourceTree = SDKROOT; };
		301BF5C2109A6A2B0062928A /* QuartzCore.framework */ = {isa = PBXFileReference; lastKnownFileType = wrapper.framework; name = QuartzCore.framework; path = System/Library/Frameworks/QuartzCore.framework; sourceTree = SDKROOT; };
		301BF5C4109A6A2B0062928A /* SystemConfiguration.framework */ = {isa = PBXFileReference; lastKnownFileType = wrapper.framework; name = SystemConfiguration.framework; path = System/Library/Frameworks/SystemConfiguration.framework; sourceTree = SDKROOT; };
		302D95EE14D2391D003F00A1 /* MainViewController.h */ = {isa = PBXFileReference; fileEncoding = 4; lastKnownFileType = sourcecode.c.h; path = MainViewController.h; sourceTree = "<group>"; };
		302D95EF14D2391D003F00A1 /* MainViewController.m */ = {isa = PBXFileReference; fileEncoding = 4; lastKnownFileType = sourcecode.c.objc; path = MainViewController.m; sourceTree = "<group>"; };
		302D95F014D2391D003F00A1 /* MainViewController.xib */ = {isa = PBXFileReference; fileEncoding = 4; lastKnownFileType = file.xib; path = MainViewController.xib; sourceTree = "<group>"; };
		305D5FD0115AB8F900A74A75 /* MobileCoreServices.framework */ = {isa = PBXFileReference; lastKnownFileType = wrapper.framework; name = MobileCoreServices.framework; path = System/Library/Frameworks/MobileCoreServices.framework; sourceTree = SDKROOT; };
		3072F99613A8081B00425683 /* Capture.bundle */ = {isa = PBXFileReference; lastKnownFileType = "wrapper.plug-in"; path = Capture.bundle; sourceTree = "<group>"; };
		3088BBB7154F3926009F9C59 /* Default-Landscape@2x~ipad.png */ = {isa = PBXFileReference; lastKnownFileType = image.png; path = "Default-Landscape@2x~ipad.png"; sourceTree = "<group>"; };
		3088BBB8154F3926009F9C59 /* Default-Landscape~ipad.png */ = {isa = PBXFileReference; lastKnownFileType = image.png; path = "Default-Landscape~ipad.png"; sourceTree = "<group>"; };
		3088BBB9154F3926009F9C59 /* Default-Portrait@2x~ipad.png */ = {isa = PBXFileReference; lastKnownFileType = image.png; path = "Default-Portrait@2x~ipad.png"; sourceTree = "<group>"; };
		3088BBBA154F3926009F9C59 /* Default-Portrait~ipad.png */ = {isa = PBXFileReference; lastKnownFileType = image.png; path = "Default-Portrait~ipad.png"; sourceTree = "<group>"; };
		3088BBBB154F3926009F9C59 /* Default@2x~iphone.png */ = {isa = PBXFileReference; lastKnownFileType = image.png; path = "Default@2x~iphone.png"; sourceTree = "<group>"; };
		3088BBBC154F3926009F9C59 /* Default~iphone.png */ = {isa = PBXFileReference; lastKnownFileType = image.png; path = "Default~iphone.png"; sourceTree = "<group>"; };
		308D052E1370CCF300D202BF /* icon-72.png */ = {isa = PBXFileReference; lastKnownFileType = image.png; path = "icon-72.png"; sourceTree = "<group>"; };
		308D052F1370CCF300D202BF /* icon.png */ = {isa = PBXFileReference; lastKnownFileType = image.png; path = icon.png; sourceTree = "<group>"; };
		308D05301370CCF300D202BF /* icon@2x.png */ = {isa = PBXFileReference; lastKnownFileType = image.png; path = "icon@2x.png"; sourceTree = "<group>"; };
		30A0434414DC770100060A13 /* de */ = {isa = PBXFileReference; lastKnownFileType = text.plist.strings; name = de; path = Localizable.strings; sourceTree = "<group>"; };
		30A0434714DC770100060A13 /* se */ = {isa = PBXFileReference; lastKnownFileType = text.plist.strings; name = se; path = Localizable.strings; sourceTree = "<group>"; };
		30E5649113A7FCAF007403D8 /* CoreMedia.framework */ = {isa = PBXFileReference; lastKnownFileType = wrapper.framework; name = CoreMedia.framework; path = System/Library/Frameworks/CoreMedia.framework; sourceTree = SDKROOT; };
		30FC414816E50CA1004E6F35 /* icon-72@2x.png */ = {isa = PBXFileReference; lastKnownFileType = image.png; path = "icon-72@2x.png"; sourceTree = "<group>"; };
		32CA4F630368D1EE00C91783 /* DreiOBD2-Prefix.pch */ = {isa = PBXFileReference; fileEncoding = 4; lastKnownFileType = sourcecode.c.h; path = "DreiOBD2-Prefix.pch"; sourceTree = "<group>"; };
		5B1594DC16A7569C00FEF299 /* AssetsLibrary.framework */ = {isa = PBXFileReference; lastKnownFileType = wrapper.framework; name = AssetsLibrary.framework; path = System/Library/Frameworks/AssetsLibrary.framework; sourceTree = SDKROOT; };
		5C74DF7E173C65D5007053AE /* Logo.png */ = {isa = PBXFileReference; lastKnownFileType = image.png; path = Logo.png; sourceTree = "<group>"; };
		5C74DF82173C9AC1007053AE /* Parse.framework */ = {isa = PBXFileReference; lastKnownFileType = wrapper.framework; path = Parse.framework; sourceTree = "<group>"; };
		5C74DF84173C9CA0007053AE /* Accounts.framework */ = {isa = PBXFileReference; lastKnownFileType = wrapper.framework; name = Accounts.framework; path = System/Library/Frameworks/Accounts.framework; sourceTree = SDKROOT; };
		5C74DF85173C9CA0007053AE /* AdSupport.framework */ = {isa = PBXFileReference; lastKnownFileType = wrapper.framework; name = AdSupport.framework; path = System/Library/Frameworks/AdSupport.framework; sourceTree = SDKROOT; };
		5C74DF86173C9CA0007053AE /* libz.1.1.3.dylib */ = {isa = PBXFileReference; lastKnownFileType = "compiled.mach-o.dylib"; name = libz.1.1.3.dylib; path = usr/lib/libz.1.1.3.dylib; sourceTree = SDKROOT; };
		5C74DF8B173C9D4F007053AE /* FacebookSDK.framework */ = {isa = PBXFileReference; lastKnownFileType = wrapper.framework; path = FacebookSDK.framework; sourceTree = "<group>"; };
		5C74DF8D173C9D55007053AE /* FacebookSDKResources.bundle */ = {isa = PBXFileReference; lastKnownFileType = "wrapper.plug-in"; path = FacebookSDKResources.bundle; sourceTree = "<group>"; };
		5C74DF8F173C9D73007053AE /* libsqlite3.0.dylib */ = {isa = PBXFileReference; lastKnownFileType = "compiled.mach-o.dylib"; name = libsqlite3.0.dylib; path = usr/lib/libsqlite3.0.dylib; sourceTree = SDKROOT; };
		5C74DF91173C9DD5007053AE /* Social.framework */ = {isa = PBXFileReference; lastKnownFileType = wrapper.framework; name = Social.framework; path = System/Library/Frameworks/Social.framework; sourceTree = SDKROOT; };
		5C74DF93173C9E16007053AE /* StoreKit.framework */ = {isa = PBXFileReference; lastKnownFileType = wrapper.framework; name = StoreKit.framework; path = System/Library/Frameworks/StoreKit.framework; sourceTree = SDKROOT; };
		5C74DF95173C9EC5007053AE /* Security.framework */ = {isa = PBXFileReference; lastKnownFileType = wrapper.framework; name = Security.framework; path = System/Library/Frameworks/Security.framework; sourceTree = SDKROOT; };
		5C74DFBB173CA0A4007053AE /* OBD2Kit.xcodeproj */ = {isa = PBXFileReference; lastKnownFileType = "wrapper.pb-project"; name = OBD2Kit.xcodeproj; path = ../OBD2Kit/OBD2Kit.xcodeproj; sourceTree = "<group>"; };
		5C74DFC2173CA28D007053AE /* FLWifiScanTool.h */ = {isa = PBXFileReference; fileEncoding = 4; lastKnownFileType = sourcecode.c.h; name = FLWifiScanTool.h; path = Classes/FLWifiScanTool.h; sourceTree = "<group>"; };
		5C74DFC5173CA28D007053AE /* FLEAController.h */ = {isa = PBXFileReference; fileEncoding = 4; lastKnownFileType = sourcecode.c.h; name = FLEAController.h; path = Classes/FLEAController.h; sourceTree = "<group>"; };
		5C74DFC7173CA28D007053AE /* FLEAScanTool.h */ = {isa = PBXFileReference; fileEncoding = 4; lastKnownFileType = sourcecode.c.h; name = FLEAScanTool.h; path = Classes/FLEAScanTool.h; sourceTree = "<group>"; };
		5C74DFCA173CA28D007053AE /* FLSimScanTool.h */ = {isa = PBXFileReference; fileEncoding = 4; lastKnownFileType = sourcecode.c.h; path = FLSimScanTool.h; sourceTree = "<group>"; };
		5C74DFCD173CA28D007053AE /* ELM327.h */ = {isa = PBXFileReference; fileEncoding = 4; lastKnownFileType = sourcecode.c.h; path = ELM327.h; sourceTree = "<group>"; };
		5C74DFCF173CA28D007053AE /* ELM327Command.h */ = {isa = PBXFileReference; fileEncoding = 4; lastKnownFileType = sourcecode.c.h; path = ELM327Command.h; sourceTree = "<group>"; };
		5C74DFD1173CA28D007053AE /* ELM327ResponseParser.h */ = {isa = PBXFileReference; fileEncoding = 4; lastKnownFileType = sourcecode.c.h; path = ELM327ResponseParser.h; sourceTree = "<group>"; };
		5C74DFD4173CA28D007053AE /* GoLink.h */ = {isa = PBXFileReference; fileEncoding = 4; lastKnownFileType = sourcecode.c.h; path = GoLink.h; sourceTree = "<group>"; };
		5C74DFD6173CA28D007053AE /* GoLinkCommand.h */ = {isa = PBXFileReference; fileEncoding = 4; lastKnownFileType = sourcecode.c.h; path = GoLinkCommand.h; sourceTree = "<group>"; };
		5C74DFD8173CA28D007053AE /* GoLinkResponseParser.h */ = {isa = PBXFileReference; fileEncoding = 4; lastKnownFileType = sourcecode.c.h; path = GoLinkResponseParser.h; sourceTree = "<group>"; };
		5C74DFDC173CA28D007053AE /* FLScanToolController.h */ = {isa = PBXFileReference; fileEncoding = 4; lastKnownFileType = sourcecode.c.h; name = FLScanToolController.h; path = Classes/FLScanToolController.h; sourceTree = "<group>"; };
		5C74DFDE173CA28D007053AE /* FLScanTool.h */ = {isa = PBXFileReference; fileEncoding = 4; lastKnownFileType = sourcecode.c.h; name = FLScanTool.h; path = Classes/FLScanTool.h; sourceTree = "<group>"; };
		5C74DFE0173CA28D007053AE /* FLScanToolCommand.h */ = {isa = PBXFileReference; fileEncoding = 4; lastKnownFileType = sourcecode.c.h; name = FLScanToolCommand.h; path = Classes/FLScanToolCommand.h; sourceTree = "<group>"; };
		5C74DFE2173CA28D007053AE /* FLScanToolResponse.h */ = {isa = PBXFileReference; fileEncoding = 4; lastKnownFileType = sourcecode.c.h; name = FLScanToolResponse.h; path = Classes/FLScanToolResponse.h; sourceTree = "<group>"; };
		5C74DFE4173CA28D007053AE /* FLScanToolResponseParser.h */ = {isa = PBXFileReference; fileEncoding = 4; lastKnownFileType = sourcecode.c.h; name = FLScanToolResponseParser.h; path = Classes/FLScanToolResponseParser.h; sourceTree = "<group>"; };
		5C74DFE6173CA28D007053AE /* FLECUSensor.h */ = {isa = PBXFileReference; fileEncoding = 4; lastKnownFileType = sourcecode.c.h; name = FLECUSensor.h; path = Classes/FLECUSensor.h; sourceTree = "<group>"; };
		5C74E009173CA2AB007053AE /* Base64Extensions.h */ = {isa = PBXFileReference; fileEncoding = 4; lastKnownFileType = sourcecode.c.h; path = Base64Extensions.h; sourceTree = "<group>"; };
		5C74E00B173CA2AB007053AE /* FLLogging.h */ = {isa = PBXFileReference; fileEncoding = 4; lastKnownFileType = sourcecode.c.h; path = FLLogging.h; sourceTree = "<group>"; };
		5C74E00C173CA2AB007053AE /* NSStreamAdditions.h */ = {isa = PBXFileReference; fileEncoding = 4; lastKnownFileType = sourcecode.c.h; path = NSStreamAdditions.h; sourceTree = "<group>"; };
		5C74E014173CA573007053AE /* MyLogInViewController.h */ = {isa = PBXFileReference; fileEncoding = 4; lastKnownFileType = sourcecode.c.h; path = MyLogInViewController.h; sourceTree = "<group>"; };
		5C74E015173CA573007053AE /* MyLogInViewController.m */ = {isa = PBXFileReference; fileEncoding = 4; lastKnownFileType = sourcecode.c.objc; path = MyLogInViewController.m; sourceTree = "<group>"; };
		5C74E016173CA573007053AE /* MySignUpViewController.h */ = {isa = PBXFileReference; fileEncoding = 4; lastKnownFileType = sourcecode.c.h; path = MySignUpViewController.h; sourceTree = "<group>"; };
		5C74E017173CA573007053AE /* MySignUpViewController.m */ = {isa = PBXFileReference; fileEncoding = 4; lastKnownFileType = sourcecode.c.objc; path = MySignUpViewController.m; sourceTree = "<group>"; };
		7235F312172F821600CBCC17 /* ExternalAccessory.framework */ = {isa = PBXFileReference; lastKnownFileType = wrapper.framework; name = ExternalAccessory.framework; path = System/Library/Frameworks/ExternalAccessory.framework; sourceTree = SDKROOT; };
		7235F317172F831A00CBCC17 /* DreiCarCenter.h */ = {isa = PBXFileReference; fileEncoding = 4; lastKnownFileType = sourcecode.c.h; path = DreiCarCenter.h; sourceTree = "<group>"; };
		7235F318172F831A00CBCC17 /* DreiCarCenter.m */ = {isa = PBXFileReference; fileEncoding = 4; lastKnownFileType = sourcecode.c.objc; path = DreiCarCenter.m; sourceTree = "<group>"; };
		7235F319172F831A00CBCC17 /* DreiConnect.h */ = {isa = PBXFileReference; fileEncoding = 4; lastKnownFileType = sourcecode.c.h; path = DreiConnect.h; sourceTree = "<group>"; };
		7235F31A172F831A00CBCC17 /* DreiConnect.m */ = {isa = PBXFileReference; fileEncoding = 4; lastKnownFileType = sourcecode.c.objc; path = DreiConnect.m; sourceTree = "<group>"; };
		7235F31B172F831A00CBCC17 /* DreiSynchDataProvider_OBD2.h */ = {isa = PBXFileReference; fileEncoding = 4; lastKnownFileType = sourcecode.c.h; path = DreiSynchDataProvider_OBD2.h; sourceTree = "<group>"; };
		7235F31C172F831A00CBCC17 /* DreiSynchDataProvider_OBD2.m */ = {isa = PBXFileReference; fileEncoding = 4; lastKnownFileType = sourcecode.c.objc; path = DreiSynchDataProvider_OBD2.m; sourceTree = "<group>"; };
		7235F31D172F831A00CBCC17 /* DreiSynchDataProvider.h */ = {isa = PBXFileReference; fileEncoding = 4; lastKnownFileType = sourcecode.c.h; path = DreiSynchDataProvider.h; sourceTree = "<group>"; };
		7235F31E172F831A00CBCC17 /* DreiSynchDataProvider.m */ = {isa = PBXFileReference; fileEncoding = 4; lastKnownFileType = sourcecode.c.objc; path = DreiSynchDataProvider.m; sourceTree = "<group>"; };
		8D1107310486CEB800E47090 /* DreiOBD2-Info.plist */ = {isa = PBXFileReference; fileEncoding = 4; lastKnownFileType = text.plist.xml; name = "DreiOBD2-Info.plist"; path = "../DreiOBD2-Info.plist"; plistStructureDefinitionIdentifier = "com.apple.xcode.plist.structure-definition.iphone.info-plist"; sourceTree = "<group>"; };
		D4A0D8751607E02300AEF8BB /* Default-568h@2x~iphone.png */ = {isa = PBXFileReference; lastKnownFileType = image.png; path = "Default-568h@2x~iphone.png"; sourceTree = "<group>"; };
		F840E1F0165FE0F500CFE078 /* config.xml */ = {isa = PBXFileReference; lastKnownFileType = text.xml; name = config.xml; path = DreiOBD2/config.xml; sourceTree = "<group>"; };
/* End PBXFileReference section */

/* Begin PBXFrameworksBuildPhase section */
		1D60588F0D05DD3D006BFB54 /* Frameworks */ = {
			isa = PBXFrameworksBuildPhase;
			buildActionMask = 2147483647;
			files = (
				5C74DFC1173CA0BF007053AE /* libOBD2Kit.a in Frameworks */,
				5C74DF96173C9EC5007053AE /* Security.framework in Frameworks */,
				5C74DF94173C9E16007053AE /* StoreKit.framework in Frameworks */,
				5C74DF92173C9DD5007053AE /* Social.framework in Frameworks */,
				5C74DF90173C9D73007053AE /* libsqlite3.0.dylib in Frameworks */,
				5C74DF8A173C9CF8007053AE /* Parse.framework in Frameworks */,
				301BF5C3109A6A2B0062928A /* QuartzCore.framework in Frameworks */,
				5C74DF87173C9CA0007053AE /* Accounts.framework in Frameworks */,
				5C74DF88173C9CA0007053AE /* AdSupport.framework in Frameworks */,
				5C74DF89173C9CA0007053AE /* libz.1.1.3.dylib in Frameworks */,
				7235F313172F821600CBCC17 /* ExternalAccessory.framework in Frameworks */,
				5B1594DD16A7569C00FEF299 /* AssetsLibrary.framework in Frameworks */,
				301BF552109A68D80062928A /* libCordova.a in Frameworks */,
				1D60589F0D05DD5A006BFB54 /* Foundation.framework in Frameworks */,
				1DF5F4E00D08C38300B7A737 /* UIKit.framework in Frameworks */,
				288765FD0DF74451002DB57D /* CoreGraphics.framework in Frameworks */,
				301BF5B5109A6A2B0062928A /* AddressBook.framework in Frameworks */,
				301BF5B7109A6A2B0062928A /* AddressBookUI.framework in Frameworks */,
				301BF5B9109A6A2B0062928A /* AudioToolbox.framework in Frameworks */,
				301BF5BB109A6A2B0062928A /* AVFoundation.framework in Frameworks */,
				301BF5BD109A6A2B0062928A /* CFNetwork.framework in Frameworks */,
				301BF5BF109A6A2B0062928A /* CoreLocation.framework in Frameworks */,
				301BF5C1109A6A2B0062928A /* MediaPlayer.framework in Frameworks */,
				301BF5C5109A6A2B0062928A /* SystemConfiguration.framework in Frameworks */,
				305D5FD1115AB8F900A74A75 /* MobileCoreServices.framework in Frameworks */,
				30E5649213A7FCAF007403D8 /* CoreMedia.framework in Frameworks */,
				5C74DF8C173C9D4F007053AE /* FacebookSDK.framework in Frameworks */,
			);
			runOnlyForDeploymentPostprocessing = 0;
		};
/* End PBXFrameworksBuildPhase section */

/* Begin PBXGroup section */
		080E96DDFE201D6D7F000001 /* Classes */ = {
			isa = PBXGroup;
			children = (
				7235F317172F831A00CBCC17 /* DreiCarCenter.h */,
				7235F318172F831A00CBCC17 /* DreiCarCenter.m */,
				7235F319172F831A00CBCC17 /* DreiConnect.h */,
				7235F31A172F831A00CBCC17 /* DreiConnect.m */,
				7235F31B172F831A00CBCC17 /* DreiSynchDataProvider_OBD2.h */,
				7235F31C172F831A00CBCC17 /* DreiSynchDataProvider_OBD2.m */,
				7235F31D172F831A00CBCC17 /* DreiSynchDataProvider.h */,
				7235F31E172F831A00CBCC17 /* DreiSynchDataProvider.m */,
				302D95EE14D2391D003F00A1 /* MainViewController.h */,
				302D95EF14D2391D003F00A1 /* MainViewController.m */,
				302D95F014D2391D003F00A1 /* MainViewController.xib */,
				5C74E014173CA573007053AE /* MyLogInViewController.h */,
				5C74E015173CA573007053AE /* MyLogInViewController.m */,
				5C74E016173CA573007053AE /* MySignUpViewController.h */,
				5C74E017173CA573007053AE /* MySignUpViewController.m */,
				1D3623240D0F684500981E51 /* AppDelegate.h */,
				1D3623250D0F684500981E51 /* AppDelegate.m */,
			);
			name = Classes;
			path = DreiOBD2/Classes;
			sourceTree = SOURCE_ROOT;
		};
		19C28FACFE9D520D11CA2CBB /* Products */ = {
			isa = PBXGroup;
			children = (
				1D6058910D05DD3D006BFB54 /* DreiOBD2.app */,
			);
			name = Products;
			sourceTree = "<group>";
		};
		1F766FDB13BBADB100FB74C0 /* en.lproj */ = {
			isa = PBXGroup;
			children = (
				1F766FDC13BBADB100FB74C0 /* Localizable.strings */,
			);
			path = en.lproj;
			sourceTree = "<group>";
		};
		1F766FDE13BBADB100FB74C0 /* es.lproj */ = {
			isa = PBXGroup;
			children = (
				1F766FDF13BBADB100FB74C0 /* Localizable.strings */,
			);
			path = es.lproj;
			sourceTree = "<group>";
		};
		29B97314FDCFA39411CA2CEA /* CustomTemplate */ = {
			isa = PBXGroup;
			children = (
				F840E1F0165FE0F500CFE078 /* config.xml */,
				301BF56E109A69640062928A /* www */,
				301BF52D109A57CC0062928A /* CordovaLib.xcodeproj */,
				080E96DDFE201D6D7F000001 /* Classes */,
				5C74DF7D173C65BD007053AE /* Assets */,
				307C750510C5A3420062BCA9 /* Plugins */,
				29B97315FDCFA39411CA2CEA /* Other Sources */,
				29B97317FDCFA39411CA2CEA /* Resources */,
				29B97323FDCFA39411CA2CEA /* Frameworks */,
				19C28FACFE9D520D11CA2CBB /* Products */,
				5C74DFE8173CA28D007053AE /* Classes */,
				5C74E00E173CA2AB007053AE /* Utils */,
				5C74DFBB173CA0A4007053AE /* OBD2Kit.xcodeproj */,
			);
			name = CustomTemplate;
			sourceTree = "<group>";
		};
		29B97315FDCFA39411CA2CEA /* Other Sources */ = {
			isa = PBXGroup;
			children = (
				32CA4F630368D1EE00C91783 /* DreiOBD2-Prefix.pch */,
				29B97316FDCFA39411CA2CEA /* main.m */,
			);
			name = "Other Sources";
			path = DreiOBD2;
			sourceTree = "<group>";
		};
		29B97317FDCFA39411CA2CEA /* Resources */ = {
			isa = PBXGroup;
			children = (
				30A0434214DC770100060A13 /* de.lproj */,
				30A0434514DC770100060A13 /* se.lproj */,
				1F766FDB13BBADB100FB74C0 /* en.lproj */,
				1F766FDE13BBADB100FB74C0 /* es.lproj */,
				3072F99613A8081B00425683 /* Capture.bundle */,
				308D052D1370CCF300D202BF /* icons */,
				308D05311370CCF300D202BF /* splash */,
				8D1107310486CEB800E47090 /* DreiOBD2-Info.plist */,
			);
			name = Resources;
			path = DreiOBD2/Resources;
			sourceTree = "<group>";
		};
		29B97323FDCFA39411CA2CEA /* Frameworks */ = {
			isa = PBXGroup;
			children = (
				5C74DF95173C9EC5007053AE /* Security.framework */,
				301BF5C2109A6A2B0062928A /* QuartzCore.framework */,
				5C74DF8D173C9D55007053AE /* FacebookSDKResources.bundle */,
				5C74DF8B173C9D4F007053AE /* FacebookSDK.framework */,
				5C74DF8F173C9D73007053AE /* libsqlite3.0.dylib */,
				5C74DF84173C9CA0007053AE /* Accounts.framework */,
				5C74DF85173C9CA0007053AE /* AdSupport.framework */,
				5C74DF91173C9DD5007053AE /* Social.framework */,
				301BF5BE109A6A2B0062928A /* CoreLocation.framework */,
				5C74DF93173C9E16007053AE /* StoreKit.framework */,
				5C74DF82173C9AC1007053AE /* Parse.framework */,
				7235F312172F821600CBCC17 /* ExternalAccessory.framework */,
				5B1594DC16A7569C00FEF299 /* AssetsLibrary.framework */,
				1D30AB110D05D00D00671497 /* Foundation.framework */,
				288765FC0DF74451002DB57D /* CoreGraphics.framework */,
				301BF5B4109A6A2B0062928A /* AddressBook.framework */,
				301BF5B6109A6A2B0062928A /* AddressBookUI.framework */,
				301BF5B8109A6A2B0062928A /* AudioToolbox.framework */,
				301BF5BA109A6A2B0062928A /* AVFoundation.framework */,
				5C74DF86173C9CA0007053AE /* libz.1.1.3.dylib */,
				301BF5BC109A6A2B0062928A /* CFNetwork.framework */,
				301BF5C0109A6A2B0062928A /* MediaPlayer.framework */,
				305D5FD0115AB8F900A74A75 /* MobileCoreServices.framework */,
				301BF5C4109A6A2B0062928A /* SystemConfiguration.framework */,
				1DF5F4DF0D08C38300B7A737 /* UIKit.framework */,
				30E5649113A7FCAF007403D8 /* CoreMedia.framework */,
			);
			name = Frameworks;
			sourceTree = "<group>";
		};
		301BF52E109A57CC0062928A /* Products */ = {
			isa = PBXGroup;
			children = (
				301BF535109A57CC0062928A /* libCordova.a */,
			);
			name = Products;
			sourceTree = "<group>";
		};
		307C750510C5A3420062BCA9 /* Plugins */ = {
			isa = PBXGroup;
			children = (
			);
			name = Plugins;
			path = DreiOBD2/Plugins;
			sourceTree = SOURCE_ROOT;
		};
		308D052D1370CCF300D202BF /* icons */ = {
			isa = PBXGroup;
			children = (
				30FC414816E50CA1004E6F35 /* icon-72@2x.png */,
				308D052E1370CCF300D202BF /* icon-72.png */,
				308D052F1370CCF300D202BF /* icon.png */,
				308D05301370CCF300D202BF /* icon@2x.png */,
			);
			path = icons;
			sourceTree = "<group>";
		};
		308D05311370CCF300D202BF /* splash */ = {
			isa = PBXGroup;
			children = (
				D4A0D8751607E02300AEF8BB /* Default-568h@2x~iphone.png */,
				3088BBB7154F3926009F9C59 /* Default-Landscape@2x~ipad.png */,
				3088BBB8154F3926009F9C59 /* Default-Landscape~ipad.png */,
				3088BBB9154F3926009F9C59 /* Default-Portrait@2x~ipad.png */,
				3088BBBA154F3926009F9C59 /* Default-Portrait~ipad.png */,
				3088BBBB154F3926009F9C59 /* Default@2x~iphone.png */,
				3088BBBC154F3926009F9C59 /* Default~iphone.png */,
			);
			path = splash;
			sourceTree = "<group>";
		};
		30A0434214DC770100060A13 /* de.lproj */ = {
			isa = PBXGroup;
			children = (
				30A0434314DC770100060A13 /* Localizable.strings */,
			);
			path = de.lproj;
			sourceTree = "<group>";
		};
		30A0434514DC770100060A13 /* se.lproj */ = {
			isa = PBXGroup;
			children = (
				30A0434614DC770100060A13 /* Localizable.strings */,
			);
			path = se.lproj;
			sourceTree = "<group>";
		};
		5C74DF7D173C65BD007053AE /* Assets */ = {
			isa = PBXGroup;
			children = (
				5C74DF7E173C65D5007053AE /* Logo.png */,
			);
			name = Assets;
			path = DreiOBD2/Plugins;
			sourceTree = "<group>";
		};
		5C74DFBC173CA0A4007053AE /* Products */ = {
			isa = PBXGroup;
			children = (
				5C74DFC0173CA0A5007053AE /* libOBD2Kit.a */,
			);
			name = Products;
			sourceTree = "<group>";
		};
		5C74DFC4173CA28D007053AE /* WiFi Support Classes */ = {
			isa = PBXGroup;
			children = (
				5C74DFC2173CA28D007053AE /* FLWifiScanTool.h */,
			);
			name = "WiFi Support Classes";
			sourceTree = "<group>";
		};
		5C74DFC9173CA28D007053AE /* External Accessory Support Classes */ = {
			isa = PBXGroup;
			children = (
				5C74DFC5173CA28D007053AE /* FLEAController.h */,
				5C74DFC7173CA28D007053AE /* FLEAScanTool.h */,
			);
			name = "External Accessory Support Classes";
			sourceTree = "<group>";
		};
		5C74DFCC173CA28D007053AE /* ecusim */ = {
			isa = PBXGroup;
			children = (
				5C74DFCA173CA28D007053AE /* FLSimScanTool.h */,
			);
			path = ecusim;
			sourceTree = "<group>";
		};
		5C74DFD3173CA28D007053AE /* elm327 */ = {
			isa = PBXGroup;
			children = (
				5C74DFCD173CA28D007053AE /* ELM327.h */,
				5C74DFCF173CA28D007053AE /* ELM327Command.h */,
				5C74DFD1173CA28D007053AE /* ELM327ResponseParser.h */,
			);
			path = elm327;
			sourceTree = "<group>";
		};
		5C74DFDA173CA28D007053AE /* gl1 */ = {
			isa = PBXGroup;
			children = (
				5C74DFD4173CA28D007053AE /* GoLink.h */,
				5C74DFD6173CA28D007053AE /* GoLinkCommand.h */,
				5C74DFD8173CA28D007053AE /* GoLinkResponseParser.h */,
			);
			path = gl1;
			sourceTree = "<group>";
		};
		5C74DFDB173CA28D007053AE /* device_drivers */ = {
			isa = PBXGroup;
			children = (
				5C74DFCC173CA28D007053AE /* ecusim */,
				5C74DFD3173CA28D007053AE /* elm327 */,
				5C74DFDA173CA28D007053AE /* gl1 */,
			);
			name = device_drivers;
			path = Classes/device_drivers;
			sourceTree = "<group>";
		};
		5C74DFE8173CA28D007053AE /* Classes */ = {
			isa = PBXGroup;
			children = (
				5C74DFC4173CA28D007053AE /* WiFi Support Classes */,
				5C74DFC9173CA28D007053AE /* External Accessory Support Classes */,
				5C74DFDB173CA28D007053AE /* device_drivers */,
				5C74DFDC173CA28D007053AE /* FLScanToolController.h */,
				5C74DFDE173CA28D007053AE /* FLScanTool.h */,
				5C74DFE0173CA28D007053AE /* FLScanToolCommand.h */,
				5C74DFE2173CA28D007053AE /* FLScanToolResponse.h */,
				5C74DFE4173CA28D007053AE /* FLScanToolResponseParser.h */,
				5C74DFE6173CA28D007053AE /* FLECUSensor.h */,
			);
			name = Classes;
			path = ../OBD2Kit;
			sourceTree = "<group>";
		};
		5C74E00E173CA2AB007053AE /* Utils */ = {
			isa = PBXGroup;
			children = (
				5C74E009173CA2AB007053AE /* Base64Extensions.h */,
				5C74E00B173CA2AB007053AE /* FLLogging.h */,
				5C74E00C173CA2AB007053AE /* NSStreamAdditions.h */,
			);
			name = Utils;
			path = ../OBD2Kit/Classes/Utils;
			sourceTree = "<group>";
		};
/* End PBXGroup section */

/* Begin PBXNativeTarget section */
		1D6058900D05DD3D006BFB54 /* DreiOBD2 */ = {
			isa = PBXNativeTarget;
			buildConfigurationList = 1D6058960D05DD3E006BFB54 /* Build configuration list for PBXNativeTarget "DreiOBD2" */;
			buildPhases = (
				304B58A110DAC018002A0835 /* Copy www directory */,
				1D60588D0D05DD3D006BFB54 /* Resources */,
				1D60588E0D05DD3D006BFB54 /* Sources */,
				1D60588F0D05DD3D006BFB54 /* Frameworks */,
			);
			buildRules = (
			);
			dependencies = (
				301BF551109A68C00062928A /* PBXTargetDependency */,
			);
			name = DreiOBD2;
			productName = DreiOBD2;
			productReference = 1D6058910D05DD3D006BFB54 /* DreiOBD2.app */;
			productType = "com.apple.product-type.application";
		};
/* End PBXNativeTarget section */

/* Begin PBXProject section */
		29B97313FDCFA39411CA2CEA /* Project object */ = {
			isa = PBXProject;
			attributes = {
				LastUpgradeCheck = 0460;
			};
			buildConfigurationList = C01FCF4E08A954540054247B /* Build configuration list for PBXProject "DreiOBD2" */;
			compatibilityVersion = "Xcode 3.2";
			developmentRegion = English;
			hasScannedForEncodings = 1;
			knownRegions = (
				English,
				Japanese,
				French,
				German,
				en,
				es,
				de,
				se,
			);
			mainGroup = 29B97314FDCFA39411CA2CEA /* CustomTemplate */;
			projectDirPath = "";
			projectReferences = (
				{
					ProductGroup = 301BF52E109A57CC0062928A /* Products */;
					ProjectRef = 301BF52D109A57CC0062928A /* CordovaLib.xcodeproj */;
				},
				{
					ProductGroup = 5C74DFBC173CA0A4007053AE /* Products */;
					ProjectRef = 5C74DFBB173CA0A4007053AE /* OBD2Kit.xcodeproj */;
				},
			);
			projectRoot = "";
			targets = (
				1D6058900D05DD3D006BFB54 /* DreiOBD2 */,
			);
		};
/* End PBXProject section */

/* Begin PBXReferenceProxy section */
		301BF535109A57CC0062928A /* libCordova.a */ = {
			isa = PBXReferenceProxy;
			fileType = archive.ar;
			path = libCordova.a;
			remoteRef = 301BF534109A57CC0062928A /* PBXContainerItemProxy */;
			sourceTree = BUILT_PRODUCTS_DIR;
		};
		5C74DFC0173CA0A5007053AE /* libOBD2Kit.a */ = {
			isa = PBXReferenceProxy;
			fileType = archive.ar;
			path = libOBD2Kit.a;
			remoteRef = 5C74DFBF173CA0A5007053AE /* PBXContainerItemProxy */;
			sourceTree = BUILT_PRODUCTS_DIR;
		};
/* End PBXReferenceProxy section */

/* Begin PBXResourcesBuildPhase section */
		1D60588D0D05DD3D006BFB54 /* Resources */ = {
			isa = PBXResourcesBuildPhase;
			buildActionMask = 2147483647;
			files = (
				F840E1F1165FE0F500CFE078 /* config.xml in Resources */,
				308D05371370CCF300D202BF /* icon-72.png in Resources */,
				308D05381370CCF300D202BF /* icon.png in Resources */,
				308D05391370CCF300D202BF /* icon@2x.png in Resources */,
				3072F99713A8081B00425683 /* Capture.bundle in Resources */,
				1F766FE113BBADB100FB74C0 /* Localizable.strings in Resources */,
				1F766FE213BBADB100FB74C0 /* Localizable.strings in Resources */,
				302D95F214D2391D003F00A1 /* MainViewController.xib in Resources */,
				30A0434814DC770100060A13 /* Localizable.strings in Resources */,
				30A0434914DC770100060A13 /* Localizable.strings in Resources */,
				3088BBBD154F3926009F9C59 /* Default-Landscape@2x~ipad.png in Resources */,
				3088BBBE154F3926009F9C59 /* Default-Landscape~ipad.png in Resources */,
				3088BBBF154F3926009F9C59 /* Default-Portrait@2x~ipad.png in Resources */,
				3088BBC0154F3926009F9C59 /* Default-Portrait~ipad.png in Resources */,
				3088BBC1154F3926009F9C59 /* Default@2x~iphone.png in Resources */,
				3088BBC2154F3926009F9C59 /* Default~iphone.png in Resources */,
				D4A0D8761607E02300AEF8BB /* Default-568h@2x~iphone.png in Resources */,
				30FC414916E50CA1004E6F35 /* icon-72@2x.png in Resources */,
				5C74DF7F173C65D5007053AE /* Logo.png in Resources */,
				5C74DF8E173C9D55007053AE /* FacebookSDKResources.bundle in Resources */,
				5C74DFE9173CA28D007053AE /* FLWifiScanTool.h in Resources */,
				5C74DFEB173CA28D007053AE /* FLEAController.h in Resources */,
				5C74DFED173CA28D007053AE /* FLEAScanTool.h in Resources */,
				5C74DFEF173CA28D007053AE /* FLSimScanTool.h in Resources */,
				5C74DFF1173CA28D007053AE /* ELM327.h in Resources */,
				5C74DFF3173CA28D007053AE /* ELM327Command.h in Resources */,
				5C74DFF5173CA28D007053AE /* ELM327ResponseParser.h in Resources */,
				5C74DFF7173CA28D007053AE /* GoLink.h in Resources */,
				5C74DFF9173CA28D007053AE /* GoLinkCommand.h in Resources */,
				5C74DFFB173CA28D007053AE /* GoLinkResponseParser.h in Resources */,
				5C74DFFD173CA28D007053AE /* FLScanToolController.h in Resources */,
				5C74DFFF173CA28D007053AE /* FLScanTool.h in Resources */,
				5C74E001173CA28D007053AE /* FLScanToolCommand.h in Resources */,
				5C74E003173CA28D007053AE /* FLScanToolResponse.h in Resources */,
				5C74E005173CA28D007053AE /* FLScanToolResponseParser.h in Resources */,
				5C74E007173CA28D007053AE /* FLECUSensor.h in Resources */,
				5C74E00F173CA2AC007053AE /* Base64Extensions.h in Resources */,
				5C74E011173CA2AC007053AE /* FLLogging.h in Resources */,
				5C74E012173CA2AC007053AE /* NSStreamAdditions.h in Resources */,
			);
			runOnlyForDeploymentPostprocessing = 0;
		};
/* End PBXResourcesBuildPhase section */

/* Begin PBXShellScriptBuildPhase section */
		304B58A110DAC018002A0835 /* Copy www directory */ = {
			isa = PBXShellScriptBuildPhase;
			buildActionMask = 2147483647;
			files = (
			);
			inputPaths = (
			);
			name = "Copy www directory";
			outputPaths = (
			);
			runOnlyForDeploymentPostprocessing = 0;
			shellPath = /bin/sh;
			shellScript = "SRC_DIR=\"www/\"\nDST_DIR=\"$BUILT_PRODUCTS_DIR/$FULL_PRODUCT_NAME/www\"\nCOPY_HIDDEN=\nORIG_IFS=$IFS\nIFS=$(echo -en \"\\n\\b\")\n\nif [[ ! -e \"$SRC_DIR\" ]]; then\n  echo \"Path does not exist: $SRC_DIR\"\n  exit 1\nfi\n\nif [[ -n $COPY_HIDDEN ]]; then\n  alias do_find='find \"$SRC_DIR\"'\nelse\n  alias do_find='find -L \"$SRC_DIR\" -name \".*\" -prune -o'\nfi\n\ntime (\n# Code signing files must be removed or else there are\n# resource signing errors.\nrm -rf \"$DST_DIR\" \\\n       \"$BUILT_PRODUCTS_DIR/$FULL_PRODUCT_NAME/_CodeSignature\" \\\n       \"$BUILT_PRODUCTS_DIR/$FULL_PRODUCT_NAME/PkgInfo\" \\\n       \"$BUILT_PRODUCTS_DIR/$FULL_PRODUCT_NAME/embedded.mobileprovision\"\n\n# Directories\nfor p in $(do_find -type d -print); do\n  subpath=\"${p#$SRC_DIR}\"\n  mkdir \"$DST_DIR$subpath\" || exit 1\ndone\n\n# Symlinks\nfor p in $(do_find -type l -print); do\n  subpath=\"${p#$SRC_DIR}\"\n  source=$(readlink $SRC_DIR$subpath)\n  sourcetype=$(stat -f \"%HT%SY\" $source)\n  if [ \"$sourcetype\" = \"Directory\" ]; then\n    mkdir \"$DST_DIR$subpath\" || exit 2\n  else\n    rsync -a \"$source\" \"$DST_DIR$subpath\" || exit 3\n  fi\ndone\n\n# Files\nfor p in $(do_find -type f -print); do\n  subpath=\"${p#$SRC_DIR}\"\n  if ! ln \"$SRC_DIR$subpath\" \"$DST_DIR$subpath\" 2>/dev/null; then\n    rsync -a \"$SRC_DIR$subpath\" \"$DST_DIR$subpath\" || exit 4\n  fi\ndone\n\n)\nIFS=$ORIG_IFS";
		};
/* End PBXShellScriptBuildPhase section */

/* Begin PBXSourcesBuildPhase section */
		1D60588E0D05DD3D006BFB54 /* Sources */ = {
			isa = PBXSourcesBuildPhase;
			buildActionMask = 2147483647;
			files = (
				1D60589B0D05DD56006BFB54 /* main.m in Sources */,
				1D3623260D0F684500981E51 /* AppDelegate.m in Sources */,
				302D95F114D2391D003F00A1 /* MainViewController.m in Sources */,
				7235F31F172F831A00CBCC17 /* DreiCarCenter.m in Sources */,
				7235F320172F831A00CBCC17 /* DreiConnect.m in Sources */,
				7235F321172F831A00CBCC17 /* DreiSynchDataProvider_OBD2.m in Sources */,
				7235F322172F831A00CBCC17 /* DreiSynchDataProvider.m in Sources */,
				5C74E018173CA574007053AE /* MyLogInViewController.m in Sources */,
				5C74E019173CA574007053AE /* MySignUpViewController.m in Sources */,
			);
			runOnlyForDeploymentPostprocessing = 0;
		};
/* End PBXSourcesBuildPhase section */

/* Begin PBXTargetDependency section */
		301BF551109A68C00062928A /* PBXTargetDependency */ = {
			isa = PBXTargetDependency;
			name = CordovaLib;
			targetProxy = 301BF550109A68C00062928A /* PBXContainerItemProxy */;
		};
/* End PBXTargetDependency section */

/* Begin PBXVariantGroup section */
		1F766FDC13BBADB100FB74C0 /* Localizable.strings */ = {
			isa = PBXVariantGroup;
			children = (
				1F766FDD13BBADB100FB74C0 /* en */,
			);
			name = Localizable.strings;
			sourceTree = "<group>";
		};
		1F766FDF13BBADB100FB74C0 /* Localizable.strings */ = {
			isa = PBXVariantGroup;
			children = (
				1F766FE013BBADB100FB74C0 /* es */,
			);
			name = Localizable.strings;
			sourceTree = "<group>";
		};
		30A0434314DC770100060A13 /* Localizable.strings */ = {
			isa = PBXVariantGroup;
			children = (
				30A0434414DC770100060A13 /* de */,
			);
			name = Localizable.strings;
			sourceTree = "<group>";
		};
		30A0434614DC770100060A13 /* Localizable.strings */ = {
			isa = PBXVariantGroup;
			children = (
				30A0434714DC770100060A13 /* se */,
			);
			name = Localizable.strings;
			sourceTree = "<group>";
		};
/* End PBXVariantGroup section */

/* Begin XCBuildConfiguration section */
		1D6058940D05DD3E006BFB54 /* Debug */ = {
			isa = XCBuildConfiguration;
			buildSettings = {
				ALWAYS_SEARCH_USER_PATHS = NO;
				CLANG_ENABLE_OBJC_ARC = YES;
				COPY_PHASE_STRIP = NO;
				FRAMEWORK_SEARCH_PATHS = "\"$(SRCROOT)\"";
				GCC_DYNAMIC_NO_PIC = NO;
				GCC_OPTIMIZATION_LEVEL = 0;
				GCC_PRECOMPILE_PREFIX_HEADER = YES;
				GCC_PREFIX_HEADER = "DreiOBD2/DreiOBD2-Prefix.pch";
				GCC_THUMB_SUPPORT = NO;
				GCC_VERSION = com.apple.compilers.llvm.clang.1_0;
				INFOPLIST_FILE = "DreiOBD2/DreiOBD2-Info.plist";
				IPHONEOS_DEPLOYMENT_TARGET = 5.0;
				LIBRARY_SEARCH_PATHS = (
					"$(inherited)",
					"\"$(SRCROOT)/lib\"",
				);
				ONLY_ACTIVE_ARCH = YES;
				PRODUCT_NAME = DreiOBD2;
				TARGETED_DEVICE_FAMILY = "1,2";
			};
			name = Debug;
		};
		1D6058950D05DD3E006BFB54 /* Release */ = {
			isa = XCBuildConfiguration;
			buildSettings = {
				ALWAYS_SEARCH_USER_PATHS = NO;
				CLANG_ENABLE_OBJC_ARC = YES;
				COPY_PHASE_STRIP = YES;
				FRAMEWORK_SEARCH_PATHS = "\"$(SRCROOT)\"";
				GCC_PRECOMPILE_PREFIX_HEADER = YES;
				GCC_PREFIX_HEADER = "DreiOBD2/DreiOBD2-Prefix.pch";
				GCC_THUMB_SUPPORT = NO;
				GCC_VERSION = com.apple.compilers.llvm.clang.1_0;
				INFOPLIST_FILE = "DreiOBD2/DreiOBD2-Info.plist";
				IPHONEOS_DEPLOYMENT_TARGET = 5.0;
				LIBRARY_SEARCH_PATHS = (
					"$(inherited)",
					"\"$(SRCROOT)/lib\"",
				);
				ONLY_ACTIVE_ARCH = YES;
				PRODUCT_NAME = DreiOBD2;
				TARGETED_DEVICE_FAMILY = "1,2";
			};
			name = Release;
		};
		C01FCF4F08A954540054247B /* Debug */ = {
			isa = XCBuildConfiguration;
			buildSettings = {
				ARCHS = "$(ARCHS_STANDARD_32_BIT)";
				CLANG_WARN_CONSTANT_CONVERSION = YES;
				CLANG_WARN_ENUM_CONVERSION = YES;
				CLANG_WARN_INT_CONVERSION = YES;
				CLANG_WARN__DUPLICATE_METHOD_MATCH = YES;
				"CODE_SIGN_IDENTITY[sdk=iphoneos*]" = "iPhone Developer";
				GCC_C_LANGUAGE_STANDARD = c99;
				GCC_THUMB_SUPPORT = NO;
				GCC_VERSION = com.apple.compilers.llvm.clang.1_0;
				GCC_WARN_ABOUT_RETURN_TYPE = YES;
				GCC_WARN_UNINITIALIZED_AUTOS = YES;
				GCC_WARN_UNUSED_VARIABLE = YES;
				HEADER_SEARCH_PATHS = (
					"\"$(TARGET_BUILD_DIR)/usr/local/lib/include\"",
					"\"$(OBJROOT)/UninstalledProducts/include\"",
					"\"$(BUILT_PRODUCTS_DIR)\"",
				);
				IPHONEOS_DEPLOYMENT_TARGET = 5.0;
				OTHER_LDFLAGS = (
					"-weak_framework",
					CoreFoundation,
					"-weak_framework",
					UIKit,
					"-weak_framework",
					AVFoundation,
					"-weak_framework",
					CoreMedia,
					"-weak-lSystem",
					"-all_load",
					"-Obj-C",
				);
				SDKROOT = iphoneos;
				SKIP_INSTALL = NO;
				USER_HEADER_SEARCH_PATHS = "";
			};
			name = Debug;
		};
		C01FCF5008A954540054247B /* Release */ = {
			isa = XCBuildConfiguration;
			buildSettings = {
				ARCHS = "$(ARCHS_STANDARD_32_BIT)";
				CLANG_WARN_CONSTANT_CONVERSION = YES;
				CLANG_WARN_ENUM_CONVERSION = YES;
				CLANG_WARN_INT_CONVERSION = YES;
				CLANG_WARN__DUPLICATE_METHOD_MATCH = YES;
				"CODE_SIGN_IDENTITY[sdk=iphoneos*]" = "iPhone Developer";
				GCC_C_LANGUAGE_STANDARD = c99;
				GCC_THUMB_SUPPORT = NO;
				GCC_VERSION = com.apple.compilers.llvm.clang.1_0;
				GCC_WARN_ABOUT_RETURN_TYPE = YES;
				GCC_WARN_UNINITIALIZED_AUTOS = YES;
				GCC_WARN_UNUSED_VARIABLE = YES;
				HEADER_SEARCH_PATHS = (
					"\"$(TARGET_BUILD_DIR)/usr/local/lib/include\"",
					"\"$(OBJROOT)/UninstalledProducts/include\"",
					"\"$(BUILT_PRODUCTS_DIR)\"",
				);
				IPHONEOS_DEPLOYMENT_TARGET = 5.0;
				OTHER_LDFLAGS = (
					"-weak_framework",
					CoreFoundation,
					"-weak_framework",
					UIKit,
					"-weak_framework",
					AVFoundation,
					"-weak_framework",
					CoreMedia,
					"-weak-lSystem",
					"-all_load",
					"-Obj-C",
				);
				SDKROOT = iphoneos;
				SKIP_INSTALL = NO;
				USER_HEADER_SEARCH_PATHS = "";
			};
			name = Release;
		};
/* End XCBuildConfiguration section */

/* Begin XCConfigurationList section */
		1D6058960D05DD3E006BFB54 /* Build configuration list for PBXNativeTarget "DreiOBD2" */ = {
			isa = XCConfigurationList;
			buildConfigurations = (
				1D6058940D05DD3E006BFB54 /* Debug */,
				1D6058950D05DD3E006BFB54 /* Release */,
			);
			defaultConfigurationIsVisible = 0;
			defaultConfigurationName = Release;
		};
		C01FCF4E08A954540054247B /* Build configuration list for PBXProject "DreiOBD2" */ = {
			isa = XCConfigurationList;
			buildConfigurations = (
				C01FCF4F08A954540054247B /* Debug */,
				C01FCF5008A954540054247B /* Release */,
			);
			defaultConfigurationIsVisible = 0;
			defaultConfigurationName = Release;
		};
/* End XCConfigurationList section */
	};
	rootObject = 29B97313FDCFA39411CA2CEA /* Project object */;
}
